
Microsoft Visual Studio Solution File, Format Version 12.00
# Visual Studio Version 17
VisualStudioVersion = 17.2.32630.192
MinimumVisualStudioVersion = 10.0.40219.1
Project("{FAE04EC0-301F-11D3-BF4B-00C04F79EFBC}") = "Telcel.R9.Estructura.Presentacion", "Telcel.R9.Estructura.Presentacion\Telcel.R9.Estructura.Presentacion.csproj", "{86481002-3683-441A-8EA5-F5990ED98B29}"
EndProject
Project("{FAE04EC0-301F-11D3-BF4B-00C04F79EFBC}") = "Telcel.R9.Estructura.AccesoDatos", "Telcel.R9.Estructura.AccesoDatos\Telcel.R9.Estructura.AccesoDatos.csproj", "{0A32A077-22DB-4072-9587-E830AF0BEE09}"
EndProject
Project("{FAE04EC0-301F-11D3-BF4B-00C04F79EFBC}") = "Celeste.R9.Estructura.Negocio", "Celeste.R9.Estructura.Negocio\Celeste.R9.Estructura.Negocio.csproj", "{0DD75764-6EDC-4CEC-B3D4-33A688B051BD}"
EndProject
Global
	GlobalSection(SolutionConfigurationPlatforms) = preSolution
		Debug|Any CPU = Debug|Any CPU
		Release|Any CPU = Release|Any CPU
	EndGlobalSection
	GlobalSection(ProjectConfigurationPlatforms) = postSolution
		{86481002-3683-441A-8EA5-F5990ED98B29}.Debug|Any CPU.ActiveCfg = Debug|Any CPU
		{86481002-3683-441A-8EA5-F5990ED98B29}.Debug|Any CPU.Build.0 = Debug|Any CPU
		{86481002-3683-441A-8EA5-F5990ED98B29}.Release|Any CPU.ActiveCfg = Release|Any CPU
		{86481002-3683-441A-8EA5-F5990ED98B29}.Release|Any CPU.Build.0 = Release|Any CPU
		{0A32A077-22DB-4072-9587-E830AF0BEE09}.Debug|Any CPU.ActiveCfg = Debug|Any CPU
		{0A32A077-22DB-4072-9587-E830AF0BEE09}.Debug|Any CPU.Build.0 = Debug|Any CPU
		{0A32A077-22DB-4072-9587-E830AF0BEE09}.Release|Any CPU.ActiveCfg = Release|Any CPU
		{0A32A077-22DB-4072-9587-E830AF0BEE09}.Release|Any CPU.Build.0 = Release|Any CPU
		{0DD75764-6EDC-4CEC-B3D4-33A688B051BD}.Debug|Any CPU.ActiveCfg = Debug|Any CPU
		{0DD75764-6EDC-4CEC-B3D4-33A688B051BD}.Debug|Any CPU.Build.0 = Debug|Any CPU
		{0DD75764-6EDC-4CEC-B3D4-33A688B051BD}.Release|Any CPU.ActiveCfg = Release|Any CPU
		{0DD75764-6EDC-4CEC-B3D4-33A688B051BD}.Release|Any CPU.Build.0 = Release|Any CPU
	EndGlobalSection
	GlobalSection(SolutionProperties) = preSolution
		HideSolutionNode = FALSE
	EndGlobalSection
	GlobalSection(ExtensibilityGlobals) = postSolution
		SolutionGuid = {52215D07-10EA-4620-A7C2-8FA031C52614}
	EndGlobalSection
EndGlobal
